
Microsoft Visual Studio Solution File, Format Version 12.00
# Visual Studio Version 17
VisualStudioVersion = 17.0.31903.59
MinimumVisualStudioVersion = 10.0.40219.1
Project("{FAE04EC0-301F-11D3-BF4B-00C04F79EFBC}") = "ECommerce.Domain", "ECommerce.Domain\ECommerce.Domain.csproj", "{2B8C0A80-C6B9-44E2-89B1-0D27CCF3B687}"
EndProject
Project("{FAE04EC0-301F-11D3-BF4B-00C04F79EFBC}") = "ECommerce.Infrastructure", "ECommerce.Infrastructure\ECommerce.Infrastructure.csproj", "{1C4AE988-CC72-4DB9-8BBD-740C336BBD33}"
EndProject
Project("{FAE04EC0-301F-11D3-BF4B-00C04F79EFBC}") = "ECommerce.Application", "ECommerce.Application\ECommerce.Application.csproj", "{B3282E91-03D4-43AA-A0CA-3085CED11E25}"
EndProject
Project("{FAE04EC0-301F-11D3-BF4B-00C04F79EFBC}") = "ECommerce.API", "ECommerce.API\ECommerce.API.csproj", "{E0C98B7D-1312-4FD7-AFE5-5CDD188050CD}"
EndProject
Global
	GlobalSection(SolutionConfigurationPlatforms) = preSolution
		Debug|Any CPU = Debug|Any CPU
		Debug|x64 = Debug|x64
		Debug|x86 = Debug|x86
		Release|Any CPU = Release|Any CPU
		Release|x64 = Release|x64
		Release|x86 = Release|x86
	EndGlobalSection
	GlobalSection(ProjectConfigurationPlatforms) = postSolution
		{2B8C0A80-C6B9-44E2-89B1-0D27CCF3B687}.Debug|Any CPU.ActiveCfg = Debug|Any CPU
		{2B8C0A80-C6B9-44E2-89B1-0D27CCF3B687}.Debug|Any CPU.Build.0 = Debug|Any CPU
		{2B8C0A80-C6B9-44E2-89B1-0D27CCF3B687}.Debug|x64.ActiveCfg = Debug|Any CPU
		{2B8C0A80-C6B9-44E2-89B1-0D27CCF3B687}.Debug|x64.Build.0 = Debug|Any CPU
		{2B8C0A80-C6B9-44E2-89B1-0D27CCF3B687}.Debug|x86.ActiveCfg = Debug|Any CPU
		{2B8C0A80-C6B9-44E2-89B1-0D27CCF3B687}.Debug|x86.Build.0 = Debug|Any CPU
		{2B8C0A80-C6B9-44E2-89B1-0D27CCF3B687}.Release|Any CPU.ActiveCfg = Release|Any CPU
		{2B8C0A80-C6B9-44E2-89B1-0D27CCF3B687}.Release|Any CPU.Build.0 = Release|Any CPU
		{2B8C0A80-C6B9-44E2-89B1-0D27CCF3B687}.Release|x64.ActiveCfg = Release|Any CPU
		{2B8C0A80-C6B9-44E2-89B1-0D27CCF3B687}.Release|x64.Build.0 = Release|Any CPU
		{2B8C0A80-C6B9-44E2-89B1-0D27CCF3B687}.Release|x86.ActiveCfg = Release|Any CPU
		{2B8C0A80-C6B9-44E2-89B1-0D27CCF3B687}.Release|x86.Build.0 = Release|Any CPU
		{1C4AE988-CC72-4DB9-8BBD-740C336BBD33}.Debug|Any CPU.ActiveCfg = Debug|Any CPU
		{1C4AE988-CC72-4DB9-8BBD-740C336BBD33}.Debug|Any CPU.Build.0 = Debug|Any CPU
		{1C4AE988-CC72-4DB9-8BBD-740C336BBD33}.Debug|x64.ActiveCfg = Debug|Any CPU
		{1C4AE988-CC72-4DB9-8BBD-740C336BBD33}.Debug|x64.Build.0 = Debug|Any CPU
		{1C4AE988-CC72-4DB9-8BBD-740C336BBD33}.Debug|x86.ActiveCfg = Debug|Any CPU
		{1C4AE988-CC72-4DB9-8BBD-740C336BBD33}.Debug|x86.Build.0 = Debug|Any CPU
		{1C4AE988-CC72-4DB9-8BBD-740C336BBD33}.Release|Any CPU.ActiveCfg = Release|Any CPU
		{1C4AE988-CC72-4DB9-8BBD-740C336BBD33}.Release|Any CPU.Build.0 = Release|Any CPU
		{1C4AE988-CC72-4DB9-8BBD-740C336BBD33}.Release|x64.ActiveCfg = Release|Any CPU
		{1C4AE988-CC72-4DB9-8BBD-740C336BBD33}.Release|x64.Build.0 = Release|Any CPU
		{1C4AE988-CC72-4DB9-8BBD-740C336BBD33}.Release|x86.ActiveCfg = Release|Any CPU
		{1C4AE988-CC72-4DB9-8BBD-740C336BBD33}.Release|x86.Build.0 = Release|Any CPU
		{B3282E91-03D4-43AA-A0CA-3085CED11E25}.Debug|Any CPU.ActiveCfg = Debug|Any CPU
		{B3282E91-03D4-43AA-A0CA-3085CED11E25}.Debug|Any CPU.Build.0 = Debug|Any CPU
		{B3282E91-03D4-43AA-A0CA-3085CED11E25}.Debug|x64.ActiveCfg = Debug|Any CPU
		{B3282E91-03D4-43AA-A0CA-3085CED11E25}.Debug|x64.Build.0 = Debug|Any CPU
		{B3282E91-03D4-43AA-A0CA-3085CED11E25}.Debug|x86.ActiveCfg = Debug|Any CPU
		{B3282E91-03D4-43AA-A0CA-3085CED11E25}.Debug|x86.Build.0 = Debug|Any CPU
		{B3282E91-03D4-43AA-A0CA-3085CED11E25}.Release|Any CPU.ActiveCfg = Release|Any CPU
		{B3282E91-03D4-43AA-A0CA-3085CED11E25}.Release|Any CPU.Build.0 = Release|Any CPU
		{B3282E91-03D4-43AA-A0CA-3085CED11E25}.Release|x64.ActiveCfg = Release|Any CPU
		{B3282E91-03D4-43AA-A0CA-3085CED11E25}.Release|x64.Build.0 = Release|Any CPU
		{B3282E91-03D4-43AA-A0CA-3085CED11E25}.Release|x86.ActiveCfg = Release|Any CPU
		{B3282E91-03D4-43AA-A0CA-3085CED11E25}.Release|x86.Build.0 = Release|Any CPU
		{E0C98B7D-1312-4FD7-AFE5-5CDD188050CD}.Debug|Any CPU.ActiveCfg = Debug|Any CPU
		{E0C98B7D-1312-4FD7-AFE5-5CDD188050CD}.Debug|Any CPU.Build.0 = Debug|Any CPU
		{E0C98B7D-1312-4FD7-AFE5-5CDD188050CD}.Debug|x64.ActiveCfg = Debug|Any CPU
		{E0C98B7D-1312-4FD7-AFE5-5CDD188050CD}.Debug|x64.Build.0 = Debug|Any CPU
		{E0C98B7D-1312-4FD7-AFE5-5CDD188050CD}.Debug|x86.ActiveCfg = Debug|Any CPU
		{E0C98B7D-1312-4FD7-AFE5-5CDD188050CD}.Debug|x86.Build.0 = Debug|Any CPU
		{E0C98B7D-1312-4FD7-AFE5-5CDD188050CD}.Release|Any CPU.ActiveCfg = Release|Any CPU
		{E0C98B7D-1312-4FD7-AFE5-5CDD188050CD}.Release|Any CPU.Build.0 = Release|Any CPU
		{E0C98B7D-1312-4FD7-AFE5-5CDD188050CD}.Release|x64.ActiveCfg = Release|Any CPU
		{E0C98B7D-1312-4FD7-AFE5-5CDD188050CD}.Release|x64.Build.0 = Release|Any CPU
		{E0C98B7D-1312-4FD7-AFE5-5CDD188050CD}.Release|x86.ActiveCfg = Release|Any CPU
		{E0C98B7D-1312-4FD7-AFE5-5CDD188050CD}.Release|x86.Build.0 = Release|Any CPU
	EndGlobalSection
	GlobalSection(SolutionProperties) = preSolution
		HideSolutionNode = FALSE
	EndGlobalSection
EndGlobal
